// !$*UTF8*$!
{
	archiveVersion = 1;
	classes = {
	};
	objectVersion = 46;
	objects = {

/* Begin PBXBuildFile section */
		4E0B7E311CCE4B070062F5B1 /* UIBezierPath+CrossPath.swift in Sources */ = {isa = PBXBuildFile; fileRef = 4E0B7E301CCE4B070062F5B1 /* UIBezierPath+CrossPath.swift */; };
		4E0B7E331CCE53120062F5B1 /* CloseButton.swift in Sources */ = {isa = PBXBuildFile; fileRef = 4E0B7E321CCE53120062F5B1 /* CloseButton.swift */; };
		4E0B7E351CCE89B40062F5B1 /* UITraitCollection+ForceTouch.swift in Sources */ = {isa = PBXBuildFile; fileRef = 4E0B7E341CCE89B40062F5B1 /* UITraitCollection+ForceTouch.swift */; };
		4E3BB7961CC83D0500D5972C /* SkillsCategoryTableViewCell.swift in Sources */ = {isa = PBXBuildFile; fileRef = 4E3BB7941CC83D0500D5972C /* SkillsCategoryTableViewCell.swift */; };
		4E3BB7971CC83D0500D5972C /* SkillsCategoryTableViewCell.xib in Resources */ = {isa = PBXBuildFile; fileRef = 4E3BB7951CC83D0500D5972C /* SkillsCategoryTableViewCell.xib */; };
		4E3BB79A1CC83EE600D5972C /* SkillsCategory.swift in Sources */ = {isa = PBXBuildFile; fileRef = 4E3BB7991CC83EE600D5972C /* SkillsCategory.swift */; };
		4E3BB79C1CC83F5800D5972C /* Skill.swift in Sources */ = {isa = PBXBuildFile; fileRef = 4E3BB79B1CC83F5800D5972C /* Skill.swift */; };
		4E3BB79F1CC8487B00D5972C /* SkillTableViewCell.swift in Sources */ = {isa = PBXBuildFile; fileRef = 4E3BB79D1CC8487B00D5972C /* SkillTableViewCell.swift */; };
		4E3BB7A01CC8487B00D5972C /* SkillTableViewCell.xib in Resources */ = {isa = PBXBuildFile; fileRef = 4E3BB79E1CC8487B00D5972C /* SkillTableViewCell.xib */; };
		4E3BB7A21CC8CEA300D5972C /* PresentedViewController.swift in Sources */ = {isa = PBXBuildFile; fileRef = 4E3BB7A11CC8CEA300D5972C /* PresentedViewController.swift */; };
		4E3BB7A51CC8DD3700D5972C /* ContactMeViewController.swift in Sources */ = {isa = PBXBuildFile; fileRef = 4E3BB7A41CC8DD3700D5972C /* ContactMeViewController.swift */; };
		4E3BB7A71CC8DD7300D5972C /* ContactMe.storyboard in Resources */ = {isa = PBXBuildFile; fileRef = 4E3BB7A61CC8DD7300D5972C /* ContactMe.storyboard */; };
		4E3BB7A91CC9204C00D5972C /* CGFloat+Random.swift in Sources */ = {isa = PBXBuildFile; fileRef = 4E3BB7A81CC9204C00D5972C /* CGFloat+Random.swift */; };
		4E3BB7AD1CCADD9F00D5972C /* ContactButton.swift in Sources */ = {isa = PBXBuildFile; fileRef = 4E3BB7AC1CCADD9F00D5972C /* ContactButton.swift */; };
		4E4E35011CC646F10007BDBD /* Constants.swift in Sources */ = {isa = PBXBuildFile; fileRef = 4E4E35001CC646F10007BDBD /* Constants.swift */; };
		4E4E35031CC6546C0007BDBD /* AboutMe.storyboard in Resources */ = {isa = PBXBuildFile; fileRef = 4E4E35021CC6546C0007BDBD /* AboutMe.storyboard */; };
		4E4E35051CC654810007BDBD /* MyApps.storyboard in Resources */ = {isa = PBXBuildFile; fileRef = 4E4E35041CC654810007BDBD /* MyApps.storyboard */; };
		4E4E35071CC654A10007BDBD /* Skills.storyboard in Resources */ = {isa = PBXBuildFile; fileRef = 4E4E35061CC654A10007BDBD /* Skills.storyboard */; };
		4E4E35091CC654BB0007BDBD /* Interests.storyboard in Resources */ = {isa = PBXBuildFile; fileRef = 4E4E35081CC654BB0007BDBD /* Interests.storyboard */; };
		4E4E350F1CC655800007BDBD /* AboutMeViewController.swift in Sources */ = {isa = PBXBuildFile; fileRef = 4E4E350E1CC655800007BDBD /* AboutMeViewController.swift */; };
		4E4E35111CC6559D0007BDBD /* MyAppsViewController.swift in Sources */ = {isa = PBXBuildFile; fileRef = 4E4E35101CC6559D0007BDBD /* MyAppsViewController.swift */; };
		4E4E35131CC655B50007BDBD /* SkillsViewController.swift in Sources */ = {isa = PBXBuildFile; fileRef = 4E4E35121CC655B50007BDBD /* SkillsViewController.swift */; };
		4E4E35151CC655D10007BDBD /* InterestsViewController.swift in Sources */ = {isa = PBXBuildFile; fileRef = 4E4E35141CC655D10007BDBD /* InterestsViewController.swift */; };
		4E4E35511CC67C530007BDBD /* IntroViewManager.swift in Sources */ = {isa = PBXBuildFile; fileRef = 4E4E35501CC67C530007BDBD /* IntroViewManager.swift */; };
		4E4E35551CC773760007BDBD /* BubblesAnimator.swift in Sources */ = {isa = PBXBuildFile; fileRef = 4E4E35541CC773760007BDBD /* BubblesAnimator.swift */; };
		4E4E35571CC780040007BDBD /* UIView+Constraints.swift in Sources */ = {isa = PBXBuildFile; fileRef = 4E4E35561CC780040007BDBD /* UIView+Constraints.swift */; };
		4E4E355A1CC7B0A60007BDBD /* AnimatedBubble.swift in Sources */ = {isa = PBXBuildFile; fileRef = 4E4E35591CC7B0A60007BDBD /* AnimatedBubble.swift */; };
		4E4E355F1CC817100007BDBD /* Category.swift in Sources */ = {isa = PBXBuildFile; fileRef = 4E4E355E1CC817100007BDBD /* Category.swift */; };
		4E7DAF611CC6278E00D48EB9 /* AppDelegate.swift in Sources */ = {isa = PBXBuildFile; fileRef = 4E7DAF601CC6278E00D48EB9 /* AppDelegate.swift */; };
		4E7DAF661CC6278E00D48EB9 /* Main.storyboard in Resources */ = {isa = PBXBuildFile; fileRef = 4E7DAF641CC6278E00D48EB9 /* Main.storyboard */; };
		4E7DAF681CC6278E00D48EB9 /* Assets.xcassets in Resources */ = {isa = PBXBuildFile; fileRef = 4E7DAF671CC6278E00D48EB9 /* Assets.xcassets */; };
		4E7DAF6B1CC6278E00D48EB9 /* LaunchScreen.storyboard in Resources */ = {isa = PBXBuildFile; fileRef = 4E7DAF691CC6278E00D48EB9 /* LaunchScreen.storyboard */; };
		4E7DAF761CC6278E00D48EB9 /* wwdc16Tests.swift in Sources */ = {isa = PBXBuildFile; fileRef = 4E7DAF751CC6278E00D48EB9 /* wwdc16Tests.swift */; };
		4E7DAF8F1CC62D4800D48EB9 /* UIColor+ThemeColor.swift in Sources */ = {isa = PBXBuildFile; fileRef = 4E7DAF8E1CC62D4800D48EB9 /* UIColor+ThemeColor.swift */; };
		4E7DAF911CC62D8600D48EB9 /* UITableViewCell+Identifier.swift in Sources */ = {isa = PBXBuildFile; fileRef = 4E7DAF901CC62D8600D48EB9 /* UITableViewCell+Identifier.swift */; };
		4E7DAF931CC62DCB00D48EB9 /* MainViewController.swift in Sources */ = {isa = PBXBuildFile; fileRef = 4E7DAF921CC62DCB00D48EB9 /* MainViewController.swift */; };
		4E7DAF9E1CC62EF500D48EB9 /* CategoryTableViewCell.swift in Sources */ = {isa = PBXBuildFile; fileRef = 4E7DAF9C1CC62EF500D48EB9 /* CategoryTableViewCell.swift */; };
		4E7DAF9F1CC62EF500D48EB9 /* CategoryTableViewCell.xib in Resources */ = {isa = PBXBuildFile; fileRef = 4E7DAF9D1CC62EF500D48EB9 /* CategoryTableViewCell.xib */; };
		4E9381F11CCFA8FD0029B502 /* snowboard.jpg in Resources */ = {isa = PBXBuildFile; fileRef = 4E9381EE1CCFA8FD0029B502 /* snowboard.jpg */; };
		4E9381F21CCFA8FD0029B502 /* travelling.jpg in Resources */ = {isa = PBXBuildFile; fileRef = 4E9381EF1CCFA8FD0029B502 /* travelling.jpg */; };
		4E9381F31CCFA8FD0029B502 /* electronics.jpg in Resources */ = {isa = PBXBuildFile; fileRef = 4E9381F01CCFA8FD0029B502 /* electronics.jpg */; };
		4E9381F51CCFBEF20029B502 /* IntroViewTemplate.swift in Sources */ = {isa = PBXBuildFile; fileRef = 4E9381F41CCFBEF20029B502 /* IntroViewTemplate.swift */; };
		4E9381F81CCFBF200029B502 /* IntroViewTemplate.xib in Resources */ = {isa = PBXBuildFile; fileRef = 4E9381F71CCFBF200029B502 /* IntroViewTemplate.xib */; };
		4EBCAD211CCBADFF00C89041 /* DefaultsManager.swift in Sources */ = {isa = PBXBuildFile; fileRef = 4EBCAD201CCBADFF00C89041 /* DefaultsManager.swift */; };
		4EBCAD231CCBED5000C89041 /* MyLocationAnnotation.swift in Sources */ = {isa = PBXBuildFile; fileRef = 4EBCAD221CCBED5000C89041 /* MyLocationAnnotation.swift */; };
		4EFBC5FB1CCD332300E18A24 /* BOTextAnimator.swift in Sources */ = {isa = PBXBuildFile; fileRef = 4EFBC5FA1CCD332300E18A24 /* BOTextAnimator.swift */; };
/* End PBXBuildFile section */

/* Begin PBXContainerItemProxy section */
		4E7DAF721CC6278E00D48EB9 /* PBXContainerItemProxy */ = {
			isa = PBXContainerItemProxy;
			containerPortal = 4E7DAF551CC6278E00D48EB9 /* Project object */;
			proxyType = 1;
			remoteGlobalIDString = 4E7DAF5C1CC6278E00D48EB9;
			remoteInfo = wwdc16;
		};
/* End PBXContainerItemProxy section */

/* Begin PBXFileReference section */
		4E0B7E301CCE4B070062F5B1 /* UIBezierPath+CrossPath.swift */ = {isa = PBXFileReference; fileEncoding = 4; lastKnownFileType = sourcecode.swift; name = "UIBezierPath+CrossPath.swift"; path = "Extensions/UIBezierPath+CrossPath.swift"; sourceTree = "<group>"; };
		4E0B7E321CCE53120062F5B1 /* CloseButton.swift */ = {isa = PBXFileReference; fileEncoding = 4; lastKnownFileType = sourcecode.swift; name = CloseButton.swift; path = UI/CloseButton.swift; sourceTree = "<group>"; };
		4E0B7E341CCE89B40062F5B1 /* UITraitCollection+ForceTouch.swift */ = {isa = PBXFileReference; fileEncoding = 4; lastKnownFileType = sourcecode.swift; name = "UITraitCollection+ForceTouch.swift"; path = "Extensions/UITraitCollection+ForceTouch.swift"; sourceTree = "<group>"; };
		4E3BB7941CC83D0500D5972C /* SkillsCategoryTableViewCell.swift */ = {isa = PBXFileReference; fileEncoding = 4; lastKnownFileType = sourcecode.swift; name = SkillsCategoryTableViewCell.swift; path = UI/Skills/Cells/SkillsCategoryTableViewCell.swift; sourceTree = "<group>"; };
		4E3BB7951CC83D0500D5972C /* SkillsCategoryTableViewCell.xib */ = {isa = PBXFileReference; fileEncoding = 4; lastKnownFileType = file.xib; name = SkillsCategoryTableViewCell.xib; path = UI/Skills/Cells/SkillsCategoryTableViewCell.xib; sourceTree = "<group>"; };
		4E3BB7991CC83EE600D5972C /* SkillsCategory.swift */ = {isa = PBXFileReference; fileEncoding = 4; lastKnownFileType = sourcecode.swift; name = SkillsCategory.swift; path = Model/Skills/SkillsCategory.swift; sourceTree = "<group>"; };
		4E3BB79B1CC83F5800D5972C /* Skill.swift */ = {isa = PBXFileReference; fileEncoding = 4; lastKnownFileType = sourcecode.swift; name = Skill.swift; path = Model/Skills/Skill.swift; sourceTree = "<group>"; };
		4E3BB79D1CC8487B00D5972C /* SkillTableViewCell.swift */ = {isa = PBXFileReference; fileEncoding = 4; lastKnownFileType = sourcecode.swift; name = SkillTableViewCell.swift; path = UI/Skills/Cells/SkillTableViewCell.swift; sourceTree = "<group>"; };
		4E3BB79E1CC8487B00D5972C /* SkillTableViewCell.xib */ = {isa = PBXFileReference; fileEncoding = 4; lastKnownFileType = file.xib; name = SkillTableViewCell.xib; path = UI/Skills/Cells/SkillTableViewCell.xib; sourceTree = "<group>"; };
		4E3BB7A11CC8CEA300D5972C /* PresentedViewController.swift */ = {isa = PBXFileReference; fileEncoding = 4; lastKnownFileType = sourcecode.swift; name = PresentedViewController.swift; path = UI/PresentedViewController.swift; sourceTree = "<group>"; };
		4E3BB7A41CC8DD3700D5972C /* ContactMeViewController.swift */ = {isa = PBXFileReference; fileEncoding = 4; lastKnownFileType = sourcecode.swift; name = ContactMeViewController.swift; path = "UI/Contact Me/ContactMeViewController.swift"; sourceTree = "<group>"; };
		4E3BB7A61CC8DD7300D5972C /* ContactMe.storyboard */ = {isa = PBXFileReference; fileEncoding = 4; lastKnownFileType = file.storyboard; name = ContactMe.storyboard; path = UI/Storyboards/ContactMe.storyboard; sourceTree = "<group>"; };
		4E3BB7A81CC9204C00D5972C /* CGFloat+Random.swift */ = {isa = PBXFileReference; fileEncoding = 4; lastKnownFileType = sourcecode.swift; name = "CGFloat+Random.swift"; path = "Extensions/CGFloat+Random.swift"; sourceTree = "<group>"; };
		4E3BB7AC1CCADD9F00D5972C /* ContactButton.swift */ = {isa = PBXFileReference; fileEncoding = 4; lastKnownFileType = sourcecode.swift; name = ContactButton.swift; path = "UI/Contact Me/ContactButton.swift"; sourceTree = "<group>"; };
		4E4E35001CC646F10007BDBD /* Constants.swift */ = {isa = PBXFileReference; fileEncoding = 4; lastKnownFileType = sourcecode.swift; name = Constants.swift; path = "Supporting Files/Constants.swift"; sourceTree = "<group>"; };
		4E4E35021CC6546C0007BDBD /* AboutMe.storyboard */ = {isa = PBXFileReference; fileEncoding = 4; lastKnownFileType = file.storyboard; name = AboutMe.storyboard; path = UI/Storyboards/AboutMe.storyboard; sourceTree = "<group>"; };
		4E4E35041CC654810007BDBD /* MyApps.storyboard */ = {isa = PBXFileReference; fileEncoding = 4; lastKnownFileType = file.storyboard; name = MyApps.storyboard; path = UI/Storyboards/MyApps.storyboard; sourceTree = "<group>"; };
		4E4E35061CC654A10007BDBD /* Skills.storyboard */ = {isa = PBXFileReference; fileEncoding = 4; lastKnownFileType = file.storyboard; name = Skills.storyboard; path = UI/Storyboards/Skills.storyboard; sourceTree = "<group>"; };
		4E4E35081CC654BB0007BDBD /* Interests.storyboard */ = {isa = PBXFileReference; fileEncoding = 4; lastKnownFileType = file.storyboard; name = Interests.storyboard; path = UI/Storyboards/Interests.storyboard; sourceTree = "<group>"; };
		4E4E350E1CC655800007BDBD /* AboutMeViewController.swift */ = {isa = PBXFileReference; fileEncoding = 4; lastKnownFileType = sourcecode.swift; name = AboutMeViewController.swift; path = UI/AboutMe/AboutMeViewController.swift; sourceTree = "<group>"; };
		4E4E35101CC6559D0007BDBD /* MyAppsViewController.swift */ = {isa = PBXFileReference; fileEncoding = 4; lastKnownFileType = sourcecode.swift; name = MyAppsViewController.swift; path = UI/MyApps/MyAppsViewController.swift; sourceTree = "<group>"; };
		4E4E35121CC655B50007BDBD /* SkillsViewController.swift */ = {isa = PBXFileReference; fileEncoding = 4; lastKnownFileType = sourcecode.swift; name = SkillsViewController.swift; path = UI/Skills/SkillsViewController.swift; sourceTree = "<group>"; };
		4E4E35141CC655D10007BDBD /* InterestsViewController.swift */ = {isa = PBXFileReference; fileEncoding = 4; lastKnownFileType = sourcecode.swift; name = InterestsViewController.swift; path = UI/Interests/InterestsViewController.swift; sourceTree = "<group>"; };
		4E4E35501CC67C530007BDBD /* IntroViewManager.swift */ = {isa = PBXFileReference; fileEncoding = 4; lastKnownFileType = sourcecode.swift; name = IntroViewManager.swift; path = Utilities/IntroViewManager.swift; sourceTree = "<group>"; };
		4E4E35541CC773760007BDBD /* BubblesAnimator.swift */ = {isa = PBXFileReference; fileEncoding = 4; lastKnownFileType = sourcecode.swift; name = BubblesAnimator.swift; path = Utilities/BubblesAnimator.swift; sourceTree = "<group>"; };
		4E4E35561CC780040007BDBD /* UIView+Constraints.swift */ = {isa = PBXFileReference; fileEncoding = 4; lastKnownFileType = sourcecode.swift; name = "UIView+Constraints.swift"; path = "Extensions/UIView+Constraints.swift"; sourceTree = "<group>"; };
		4E4E35591CC7B0A60007BDBD /* AnimatedBubble.swift */ = {isa = PBXFileReference; fileEncoding = 4; lastKnownFileType = sourcecode.swift; name = AnimatedBubble.swift; path = "UI/Main View/Bubble/AnimatedBubble.swift"; sourceTree = "<group>"; };
		4E4E355E1CC817100007BDBD /* Category.swift */ = {isa = PBXFileReference; fileEncoding = 4; lastKnownFileType = sourcecode.swift; name = Category.swift; path = Model/Category.swift; sourceTree = "<group>"; };
		4E7DAF5D1CC6278E00D48EB9 /* wwdc16.app */ = {isa = PBXFileReference; explicitFileType = wrapper.application; includeInIndex = 0; path = wwdc16.app; sourceTree = BUILT_PRODUCTS_DIR; };
		4E7DAF601CC6278E00D48EB9 /* AppDelegate.swift */ = {isa = PBXFileReference; lastKnownFileType = sourcecode.swift; path = AppDelegate.swift; sourceTree = "<group>"; };
		4E7DAF651CC6278E00D48EB9 /* Base */ = {isa = PBXFileReference; lastKnownFileType = file.storyboard; name = Base; path = Base.lproj/Main.storyboard; sourceTree = "<group>"; };
		4E7DAF671CC6278E00D48EB9 /* Assets.xcassets */ = {isa = PBXFileReference; lastKnownFileType = folder.assetcatalog; path = Assets.xcassets; sourceTree = "<group>"; };
		4E7DAF6A1CC6278E00D48EB9 /* Base */ = {isa = PBXFileReference; lastKnownFileType = file.storyboard; name = Base; path = Base.lproj/LaunchScreen.storyboard; sourceTree = "<group>"; };
		4E7DAF6C1CC6278E00D48EB9 /* Info.plist */ = {isa = PBXFileReference; lastKnownFileType = text.plist.xml; path = Info.plist; sourceTree = "<group>"; };
		4E7DAF711CC6278E00D48EB9 /* wwdc16Tests.xctest */ = {isa = PBXFileReference; explicitFileType = wrapper.cfbundle; includeInIndex = 0; path = wwdc16Tests.xctest; sourceTree = BUILT_PRODUCTS_DIR; };
		4E7DAF751CC6278E00D48EB9 /* wwdc16Tests.swift */ = {isa = PBXFileReference; lastKnownFileType = sourcecode.swift; path = wwdc16Tests.swift; sourceTree = "<group>"; };
		4E7DAF771CC6278E00D48EB9 /* Info.plist */ = {isa = PBXFileReference; lastKnownFileType = text.plist.xml; path = Info.plist; sourceTree = "<group>"; };
		4E7DAF8E1CC62D4800D48EB9 /* UIColor+ThemeColor.swift */ = {isa = PBXFileReference; fileEncoding = 4; lastKnownFileType = sourcecode.swift; name = "UIColor+ThemeColor.swift"; path = "Extensions/UIColor+ThemeColor.swift"; sourceTree = "<group>"; };
		4E7DAF901CC62D8600D48EB9 /* UITableViewCell+Identifier.swift */ = {isa = PBXFileReference; fileEncoding = 4; lastKnownFileType = sourcecode.swift; name = "UITableViewCell+Identifier.swift"; path = "Extensions/UITableViewCell+Identifier.swift"; sourceTree = "<group>"; };
		4E7DAF921CC62DCB00D48EB9 /* MainViewController.swift */ = {isa = PBXFileReference; fileEncoding = 4; lastKnownFileType = sourcecode.swift; name = MainViewController.swift; path = "UI/Main View/MainViewController.swift"; sourceTree = "<group>"; };
		4E7DAF9C1CC62EF500D48EB9 /* CategoryTableViewCell.swift */ = {isa = PBXFileReference; fileEncoding = 4; lastKnownFileType = sourcecode.swift; name = CategoryTableViewCell.swift; path = "UI/Main View/Cells/CategoryTableViewCell.swift"; sourceTree = "<group>"; };
		4E7DAF9D1CC62EF500D48EB9 /* CategoryTableViewCell.xib */ = {isa = PBXFileReference; fileEncoding = 4; lastKnownFileType = file.xib; name = CategoryTableViewCell.xib; path = "UI/Main View/Cells/CategoryTableViewCell.xib"; sourceTree = "<group>"; };
		4E9381EE1CCFA8FD0029B502 /* snowboard.jpg */ = {isa = PBXFileReference; lastKnownFileType = image.jpeg; path = snowboard.jpg; sourceTree = "<group>"; };
		4E9381EF1CCFA8FD0029B502 /* travelling.jpg */ = {isa = PBXFileReference; lastKnownFileType = image.jpeg; path = travelling.jpg; sourceTree = "<group>"; };
		4E9381F01CCFA8FD0029B502 /* electronics.jpg */ = {isa = PBXFileReference; lastKnownFileType = image.jpeg; path = electronics.jpg; sourceTree = "<group>"; };
		4E9381F41CCFBEF20029B502 /* IntroViewTemplate.swift */ = {isa = PBXFileReference; fileEncoding = 4; lastKnownFileType = sourcecode.swift; name = IntroViewTemplate.swift; path = Utilities/IntroViewTemplate.swift; sourceTree = "<group>"; };
		4E9381F71CCFBF200029B502 /* IntroViewTemplate.xib */ = {isa = PBXFileReference; fileEncoding = 4; lastKnownFileType = file.xib; name = IntroViewTemplate.xib; path = Utilities/IntroViewTemplate.xib; sourceTree = "<group>"; };
		4EBCAD201CCBADFF00C89041 /* DefaultsManager.swift */ = {isa = PBXFileReference; fileEncoding = 4; lastKnownFileType = sourcecode.swift; name = DefaultsManager.swift; path = Utilities/DefaultsManager.swift; sourceTree = "<group>"; };
		4EBCAD221CCBED5000C89041 /* MyLocationAnnotation.swift */ = {isa = PBXFileReference; fileEncoding = 4; lastKnownFileType = sourcecode.swift; name = MyLocationAnnotation.swift; path = UI/AboutMe/MyLocationAnnotation.swift; sourceTree = "<group>"; };
		4EFBC5FA1CCD332300E18A24 /* BOTextAnimator.swift */ = {isa = PBXFileReference; fileEncoding = 4; lastKnownFileType = sourcecode.swift; name = BOTextAnimator.swift; path = Utilities/BOTextAnimator.swift; sourceTree = "<group>"; };
/* End PBXFileReference section */

/* Begin PBXFrameworksBuildPhase section */
		4E7DAF5A1CC6278E00D48EB9 /* Frameworks */ = {
			isa = PBXFrameworksBuildPhase;
			buildActionMask = 2147483647;
			files = (
			);
			runOnlyForDeploymentPostprocessing = 0;
		};
		4E7DAF6E1CC6278E00D48EB9 /* Frameworks */ = {
			isa = PBXFrameworksBuildPhase;
			buildActionMask = 2147483647;
			files = (
			);
			runOnlyForDeploymentPostprocessing = 0;
		};
/* End PBXFrameworksBuildPhase section */

/* Begin PBXGroup section */
		4E0B7E361CCF756B0062F5B1 /* Pictures */ = {
			isa = PBXGroup;
			children = (
				4E9381EE1CCFA8FD0029B502 /* snowboard.jpg */,
				4E9381EF1CCFA8FD0029B502 /* travelling.jpg */,
				4E9381F01CCFA8FD0029B502 /* electronics.jpg */,
			);
			name = Pictures;
			sourceTree = "<group>";
		};
		4E3BB7931CC83CCD00D5972C /* Cells */ = {
			isa = PBXGroup;
			children = (
				4E3BB7941CC83D0500D5972C /* SkillsCategoryTableViewCell.swift */,
				4E3BB7951CC83D0500D5972C /* SkillsCategoryTableViewCell.xib */,
				4E3BB79D1CC8487B00D5972C /* SkillTableViewCell.swift */,
				4E3BB79E1CC8487B00D5972C /* SkillTableViewCell.xib */,
			);
			name = Cells;
			sourceTree = "<group>";
		};
		4E3BB7981CC83EA500D5972C /* Skills */ = {
			isa = PBXGroup;
			children = (
				4E3BB7991CC83EE600D5972C /* SkillsCategory.swift */,
				4E3BB79B1CC83F5800D5972C /* Skill.swift */,
			);
			name = Skills;
			sourceTree = "<group>";
		};
		4E3BB7A31CC8DD0700D5972C /* Contact Me */ = {
			isa = PBXGroup;
			children = (
				4E3BB7A41CC8DD3700D5972C /* ContactMeViewController.swift */,
				4E3BB7AC1CCADD9F00D5972C /* ContactButton.swift */,
			);
			name = "Contact Me";
			sourceTree = "<group>";
		};
		4E4E350A1CC6553E0007BDBD /* AboutMe */ = {
			isa = PBXGroup;
			children = (
				4E4E350E1CC655800007BDBD /* AboutMeViewController.swift */,
				4EBCAD221CCBED5000C89041 /* MyLocationAnnotation.swift */,
			);
			name = AboutMe;
			sourceTree = "<group>";
		};
		4E4E350B1CC655450007BDBD /* MyApps */ = {
			isa = PBXGroup;
			children = (
				4E4E35101CC6559D0007BDBD /* MyAppsViewController.swift */,
			);
			name = MyApps;
			sourceTree = "<group>";
		};
		4E4E350C1CC6554E0007BDBD /* Skills */ = {
			isa = PBXGroup;
			children = (
				4E3BB7931CC83CCD00D5972C /* Cells */,
				4E4E35121CC655B50007BDBD /* SkillsViewController.swift */,
			);
			name = Skills;
			sourceTree = "<group>";
		};
		4E4E350D1CC655540007BDBD /* Interests */ = {
			isa = PBXGroup;
			children = (
				4E4E35141CC655D10007BDBD /* InterestsViewController.swift */,
			);
			name = Interests;
			sourceTree = "<group>";
		};
		4E4E35581CC7B07A0007BDBD /* Main View */ = {
			isa = PBXGroup;
			children = (
				4E4E35591CC7B0A60007BDBD /* AnimatedBubble.swift */,
				4E4E355E1CC817100007BDBD /* Category.swift */,
			);
			name = "Main View";
			sourceTree = "<group>";
		};
		4E4E355D1CC816C20007BDBD /* Model */ = {
			isa = PBXGroup;
			children = (
				4E3BB7981CC83EA500D5972C /* Skills */,
				4E4E35581CC7B07A0007BDBD /* Main View */,
			);
			name = Model;
			sourceTree = "<group>";
		};
		4E7DAF541CC6278E00D48EB9 = {
			isa = PBXGroup;
			children = (
				4E7DAF5F1CC6278E00D48EB9 /* wwdc16 */,
				4E7DAF741CC6278E00D48EB9 /* wwdc16Tests */,
				4E7DAF5E1CC6278E00D48EB9 /* Products */,
			);
			sourceTree = "<group>";
		};
		4E7DAF5E1CC6278E00D48EB9 /* Products */ = {
			isa = PBXGroup;
			children = (
				4E7DAF5D1CC6278E00D48EB9 /* wwdc16.app */,
				4E7DAF711CC6278E00D48EB9 /* wwdc16Tests.xctest */,
			);
			name = Products;
			sourceTree = "<group>";
		};
		4E7DAF5F1CC6278E00D48EB9 /* wwdc16 */ = {
			isa = PBXGroup;
			children = (
				4E0B7E361CCF756B0062F5B1 /* Pictures */,
				4E7DAF601CC6278E00D48EB9 /* AppDelegate.swift */,
				4E7DAFA21CC6358000D48EB9 /* Utilities */,
				4E7DAF811CC62AB200D48EB9 /* Extensions */,
				4E4E355D1CC816C20007BDBD /* Model */,
				4E7DAF801CC62AAC00D48EB9 /* UI */,
				4E7DAFA11CC6356600D48EB9 /* Supporting Files */,
				4E7DAF671CC6278E00D48EB9 /* Assets.xcassets */,
				4E7DAF6C1CC6278E00D48EB9 /* Info.plist */,
			);
			path = wwdc16;
			sourceTree = "<group>";
		};
		4E7DAF741CC6278E00D48EB9 /* wwdc16Tests */ = {
			isa = PBXGroup;
			children = (
				4E7DAF751CC6278E00D48EB9 /* wwdc16Tests.swift */,
				4E7DAF771CC6278E00D48EB9 /* Info.plist */,
			);
			path = wwdc16Tests;
			sourceTree = "<group>";
		};
		4E7DAF801CC62AAC00D48EB9 /* UI */ = {
			isa = PBXGroup;
			children = (
				4E7DAF821CC62B5600D48EB9 /* Main View */,
				4E4E350A1CC6553E0007BDBD /* AboutMe */,
				4E4E350B1CC655450007BDBD /* MyApps */,
				4E4E350C1CC6554E0007BDBD /* Skills */,
				4E4E350D1CC655540007BDBD /* Interests */,
				4E3BB7A31CC8DD0700D5972C /* Contact Me */,
				4E7DAFA01CC6353500D48EB9 /* Storyboards */,
				4E3BB7A11CC8CEA300D5972C /* PresentedViewController.swift */,
				4E0B7E321CCE53120062F5B1 /* CloseButton.swift */,
			);
			name = UI;
			sourceTree = "<group>";
		};
		4E7DAF811CC62AB200D48EB9 /* Extensions */ = {
			isa = PBXGroup;
			children = (
				4E7DAF8E1CC62D4800D48EB9 /* UIColor+ThemeColor.swift */,
				4E7DAF901CC62D8600D48EB9 /* UITableViewCell+Identifier.swift */,
				4E4E35561CC780040007BDBD /* UIView+Constraints.swift */,
				4E3BB7A81CC9204C00D5972C /* CGFloat+Random.swift */,
				4E0B7E301CCE4B070062F5B1 /* UIBezierPath+CrossPath.swift */,
				4E0B7E341CCE89B40062F5B1 /* UITraitCollection+ForceTouch.swift */,
			);
			name = Extensions;
			sourceTree = "<group>";
		};
		4E7DAF821CC62B5600D48EB9 /* Main View */ = {
			isa = PBXGroup;
			children = (
				4E7DAF831CC62B6D00D48EB9 /* Cells */,
				4E7DAF921CC62DCB00D48EB9 /* MainViewController.swift */,
			);
			name = "Main View";
			sourceTree = "<group>";
		};
		4E7DAF831CC62B6D00D48EB9 /* Cells */ = {
			isa = PBXGroup;
			children = (
				4E7DAF9C1CC62EF500D48EB9 /* CategoryTableViewCell.swift */,
				4E7DAF9D1CC62EF500D48EB9 /* CategoryTableViewCell.xib */,
			);
			name = Cells;
			sourceTree = "<group>";
		};
		4E7DAFA01CC6353500D48EB9 /* Storyboards */ = {
			isa = PBXGroup;
			children = (
				4E7DAF641CC6278E00D48EB9 /* Main.storyboard */,
				4E7DAF691CC6278E00D48EB9 /* LaunchScreen.storyboard */,
				4E4E35021CC6546C0007BDBD /* AboutMe.storyboard */,
				4E4E35041CC654810007BDBD /* MyApps.storyboard */,
				4E4E35061CC654A10007BDBD /* Skills.storyboard */,
				4E4E35081CC654BB0007BDBD /* Interests.storyboard */,
				4E3BB7A61CC8DD7300D5972C /* ContactMe.storyboard */,
			);
			name = Storyboards;
			sourceTree = "<group>";
		};
		4E7DAFA11CC6356600D48EB9 /* Supporting Files */ = {
			isa = PBXGroup;
			children = (
				4E4E35001CC646F10007BDBD /* Constants.swift */,
			);
			name = "Supporting Files";
			sourceTree = "<group>";
		};
		4E7DAFA21CC6358000D48EB9 /* Utilities */ = {
			isa = PBXGroup;
			children = (
				4E9381F61CCFBEF50029B502 /* IntroView */,
				4EFBC5FA1CCD332300E18A24 /* BOTextAnimator.swift */,
				4E4E35541CC773760007BDBD /* BubblesAnimator.swift */,
				4EBCAD201CCBADFF00C89041 /* DefaultsManager.swift */,
			);
			name = Utilities;
			sourceTree = "<group>";
		};
		4E9381F61CCFBEF50029B502 /* IntroView */ = {
			isa = PBXGroup;
			children = (
				4E4E35501CC67C530007BDBD /* IntroViewManager.swift */,
				4E9381F41CCFBEF20029B502 /* IntroViewTemplate.swift */,
				4E9381F71CCFBF200029B502 /* IntroViewTemplate.xib */,
			);
			name = IntroView;
			sourceTree = "<group>";
		};
/* End PBXGroup section */

/* Begin PBXNativeTarget section */
		4E7DAF5C1CC6278E00D48EB9 /* wwdc16 */ = {
			isa = PBXNativeTarget;
			buildConfigurationList = 4E7DAF7A1CC6278E00D48EB9 /* Build configuration list for PBXNativeTarget "wwdc16" */;
			buildPhases = (
				4E7DAF591CC6278E00D48EB9 /* Sources */,
				4E7DAF5A1CC6278E00D48EB9 /* Frameworks */,
				4E7DAF5B1CC6278E00D48EB9 /* Resources */,
			);
			buildRules = (
			);
			dependencies = (
			);
			name = wwdc16;
			productName = wwdc16;
			productReference = 4E7DAF5D1CC6278E00D48EB9 /* wwdc16.app */;
			productType = "com.apple.product-type.application";
		};
		4E7DAF701CC6278E00D48EB9 /* wwdc16Tests */ = {
			isa = PBXNativeTarget;
			buildConfigurationList = 4E7DAF7D1CC6278E00D48EB9 /* Build configuration list for PBXNativeTarget "wwdc16Tests" */;
			buildPhases = (
				4E7DAF6D1CC6278E00D48EB9 /* Sources */,
				4E7DAF6E1CC6278E00D48EB9 /* Frameworks */,
				4E7DAF6F1CC6278E00D48EB9 /* Resources */,
			);
			buildRules = (
			);
			dependencies = (
				4E7DAF731CC6278E00D48EB9 /* PBXTargetDependency */,
			);
			name = wwdc16Tests;
			productName = wwdc16Tests;
			productReference = 4E7DAF711CC6278E00D48EB9 /* wwdc16Tests.xctest */;
			productType = "com.apple.product-type.bundle.unit-test";
		};
/* End PBXNativeTarget section */

/* Begin PBXProject section */
		4E7DAF551CC6278E00D48EB9 /* Project object */ = {
			isa = PBXProject;
			attributes = {
				LastSwiftUpdateCheck = 0730;
				LastUpgradeCheck = 0810;
				ORGANIZATIONNAME = "Bartosz Olszanowski";
				TargetAttributes = {
					4E7DAF5C1CC6278E00D48EB9 = {
						CreatedOnToolsVersion = 7.3;
						DevelopmentTeam = RV9KDGVAV4;
						LastSwiftMigration = 0800;
					};
					4E7DAF701CC6278E00D48EB9 = {
						CreatedOnToolsVersion = 7.3;
						LastSwiftMigration = 0800;
						TestTargetID = 4E7DAF5C1CC6278E00D48EB9;
					};
				};
			};
			buildConfigurationList = 4E7DAF581CC6278E00D48EB9 /* Build configuration list for PBXProject "wwdc16" */;
			compatibilityVersion = "Xcode 3.2";
			developmentRegion = English;
			hasScannedForEncodings = 0;
			knownRegions = (
				en,
				Base,
			);
			mainGroup = 4E7DAF541CC6278E00D48EB9;
			productRefGroup = 4E7DAF5E1CC6278E00D48EB9 /* Products */;
			projectDirPath = "";
			projectRoot = "";
			targets = (
				4E7DAF5C1CC6278E00D48EB9 /* wwdc16 */,
				4E7DAF701CC6278E00D48EB9 /* wwdc16Tests */,
			);
		};
/* End PBXProject section */

/* Begin PBXResourcesBuildPhase section */
		4E7DAF5B1CC6278E00D48EB9 /* Resources */ = {
			isa = PBXResourcesBuildPhase;
			buildActionMask = 2147483647;
			files = (
				4E9381F31CCFA8FD0029B502 /* electronics.jpg in Resources */,
				4E9381F21CCFA8FD0029B502 /* travelling.jpg in Resources */,
				4E7DAF6B1CC6278E00D48EB9 /* LaunchScreen.storyboard in Resources */,
				4E7DAF681CC6278E00D48EB9 /* Assets.xcassets in Resources */,
				4E4E35051CC654810007BDBD /* MyApps.storyboard in Resources */,
				4E4E35031CC6546C0007BDBD /* AboutMe.storyboard in Resources */,
				4E4E35091CC654BB0007BDBD /* Interests.storyboard in Resources */,
				4E7DAF661CC6278E00D48EB9 /* Main.storyboard in Resources */,
				4E4E35071CC654A10007BDBD /* Skills.storyboard in Resources */,
				4E3BB7971CC83D0500D5972C /* SkillsCategoryTableViewCell.xib in Resources */,
				4E9381F81CCFBF200029B502 /* IntroViewTemplate.xib in Resources */,
				4E3BB7A71CC8DD7300D5972C /* ContactMe.storyboard in Resources */,
				4E9381F11CCFA8FD0029B502 /* snowboard.jpg in Resources */,
				4E7DAF9F1CC62EF500D48EB9 /* CategoryTableViewCell.xib in Resources */,
				4E3BB7A01CC8487B00D5972C /* SkillTableViewCell.xib in Resources */,
			);
			runOnlyForDeploymentPostprocessing = 0;
		};
		4E7DAF6F1CC6278E00D48EB9 /* Resources */ = {
			isa = PBXResourcesBuildPhase;
			buildActionMask = 2147483647;
			files = (
			);
			runOnlyForDeploymentPostprocessing = 0;
		};
/* End PBXResourcesBuildPhase section */

/* Begin PBXSourcesBuildPhase section */
		4E7DAF591CC6278E00D48EB9 /* Sources */ = {
			isa = PBXSourcesBuildPhase;
			buildActionMask = 2147483647;
			files = (
				4E0B7E311CCE4B070062F5B1 /* UIBezierPath+CrossPath.swift in Sources */,
				4E3BB7A51CC8DD3700D5972C /* ContactMeViewController.swift in Sources */,
				4E3BB79F1CC8487B00D5972C /* SkillTableViewCell.swift in Sources */,
				4E3BB7A21CC8CEA300D5972C /* PresentedViewController.swift in Sources */,
				4E3BB79A1CC83EE600D5972C /* SkillsCategory.swift in Sources */,
				4E7DAF9E1CC62EF500D48EB9 /* CategoryTableViewCell.swift in Sources */,
				4E3BB7AD1CCADD9F00D5972C /* ContactButton.swift in Sources */,
				4EBCAD231CCBED5000C89041 /* MyLocationAnnotation.swift in Sources */,
				4E4E35511CC67C530007BDBD /* IntroViewManager.swift in Sources */,
				4E4E35571CC780040007BDBD /* UIView+Constraints.swift in Sources */,
				4E7DAF911CC62D8600D48EB9 /* UITableViewCell+Identifier.swift in Sources */,
				4EFBC5FB1CCD332300E18A24 /* BOTextAnimator.swift in Sources */,
				4E3BB7A91CC9204C00D5972C /* CGFloat+Random.swift in Sources */,
				4E4E350F1CC655800007BDBD /* AboutMeViewController.swift in Sources */,
				4E3BB7961CC83D0500D5972C /* SkillsCategoryTableViewCell.swift in Sources */,
				4E7DAF8F1CC62D4800D48EB9 /* UIColor+ThemeColor.swift in Sources */,
				4E4E355F1CC817100007BDBD /* Category.swift in Sources */,
				4E4E35151CC655D10007BDBD /* InterestsViewController.swift in Sources */,
				4E0B7E331CCE53120062F5B1 /* CloseButton.swift in Sources */,
				4E4E35131CC655B50007BDBD /* SkillsViewController.swift in Sources */,
				4E7DAF611CC6278E00D48EB9 /* AppDelegate.swift in Sources */,
				4E4E355A1CC7B0A60007BDBD /* AnimatedBubble.swift in Sources */,
				4E4E35551CC773760007BDBD /* BubblesAnimator.swift in Sources */,
				4E9381F51CCFBEF20029B502 /* IntroViewTemplate.swift in Sources */,
				4E7DAF931CC62DCB00D48EB9 /* MainViewController.swift in Sources */,
				4E3BB79C1CC83F5800D5972C /* Skill.swift in Sources */,
				4E0B7E351CCE89B40062F5B1 /* UITraitCollection+ForceTouch.swift in Sources */,
				4EBCAD211CCBADFF00C89041 /* DefaultsManager.swift in Sources */,
				4E4E35111CC6559D0007BDBD /* MyAppsViewController.swift in Sources */,
				4E4E35011CC646F10007BDBD /* Constants.swift in Sources */,
			);
			runOnlyForDeploymentPostprocessing = 0;
		};
		4E7DAF6D1CC6278E00D48EB9 /* Sources */ = {
			isa = PBXSourcesBuildPhase;
			buildActionMask = 2147483647;
			files = (
				4E7DAF761CC6278E00D48EB9 /* wwdc16Tests.swift in Sources */,
			);
			runOnlyForDeploymentPostprocessing = 0;
		};
/* End PBXSourcesBuildPhase section */

/* Begin PBXTargetDependency section */
		4E7DAF731CC6278E00D48EB9 /* PBXTargetDependency */ = {
			isa = PBXTargetDependency;
			target = 4E7DAF5C1CC6278E00D48EB9 /* wwdc16 */;
			targetProxy = 4E7DAF721CC6278E00D48EB9 /* PBXContainerItemProxy */;
		};
/* End PBXTargetDependency section */

/* Begin PBXVariantGroup section */
		4E7DAF641CC6278E00D48EB9 /* Main.storyboard */ = {
			isa = PBXVariantGroup;
			children = (
				4E7DAF651CC6278E00D48EB9 /* Base */,
			);
			name = Main.storyboard;
			sourceTree = "<group>";
		};
		4E7DAF691CC6278E00D48EB9 /* LaunchScreen.storyboard */ = {
			isa = PBXVariantGroup;
			children = (
				4E7DAF6A1CC6278E00D48EB9 /* Base */,
			);
			name = LaunchScreen.storyboard;
			sourceTree = "<group>";
		};
/* End PBXVariantGroup section */

/* Begin XCBuildConfiguration section */
		4E7DAF781CC6278E00D48EB9 /* Debug */ = {
			isa = XCBuildConfiguration;
			buildSettings = {
				ALWAYS_SEARCH_USER_PATHS = NO;
				CLANG_ANALYZER_NONNULL = YES;
				CLANG_CXX_LANGUAGE_STANDARD = "gnu++0x";
				CLANG_CXX_LIBRARY = "libc++";
				CLANG_ENABLE_MODULES = YES;
				CLANG_ENABLE_OBJC_ARC = YES;
				CLANG_WARN_BOOL_CONVERSION = YES;
				CLANG_WARN_CONSTANT_CONVERSION = YES;
				CLANG_WARN_DIRECT_OBJC_ISA_USAGE = YES_ERROR;
				CLANG_WARN_EMPTY_BODY = YES;
				CLANG_WARN_ENUM_CONVERSION = YES;
				CLANG_WARN_INFINITE_RECURSION = YES;
				CLANG_WARN_INT_CONVERSION = YES;
				CLANG_WARN_OBJC_ROOT_CLASS = YES_ERROR;
				CLANG_WARN_SUSPICIOUS_MOVE = YES;
				CLANG_WARN_UNREACHABLE_CODE = YES;
				CLANG_WARN__DUPLICATE_METHOD_MATCH = YES;
				"CODE_SIGN_IDENTITY[sdk=iphoneos*]" = "iPhone Developer";
				COPY_PHASE_STRIP = NO;
				DEBUG_INFORMATION_FORMAT = dwarf;
				ENABLE_STRICT_OBJC_MSGSEND = YES;
				ENABLE_TESTABILITY = YES;
				GCC_C_LANGUAGE_STANDARD = gnu99;
				GCC_DYNAMIC_NO_PIC = NO;
				GCC_NO_COMMON_BLOCKS = YES;
				GCC_OPTIMIZATION_LEVEL = 0;
				GCC_PREPROCESSOR_DEFINITIONS = (
					"DEBUG=1",
					"$(inherited)",
				);
				GCC_WARN_64_TO_32_BIT_CONVERSION = YES;
				GCC_WARN_ABOUT_RETURN_TYPE = YES_ERROR;
				GCC_WARN_UNDECLARED_SELECTOR = YES;
				GCC_WARN_UNINITIALIZED_AUTOS = YES_AGGRESSIVE;
				GCC_WARN_UNUSED_FUNCTION = YES;
				GCC_WARN_UNUSED_VARIABLE = YES;
				IPHONEOS_DEPLOYMENT_TARGET = 9.3;
				MTL_ENABLE_DEBUG_INFO = YES;
				ONLY_ACTIVE_ARCH = YES;
				SDKROOT = iphoneos;
				SWIFT_OPTIMIZATION_LEVEL = "-Onone";
			};
			name = Debug;
		};
		4E7DAF791CC6278E00D48EB9 /* Release */ = {
			isa = XCBuildConfiguration;
			buildSettings = {
				ALWAYS_SEARCH_USER_PATHS = NO;
				CLANG_ANALYZER_NONNULL = YES;
				CLANG_CXX_LANGUAGE_STANDARD = "gnu++0x";
				CLANG_CXX_LIBRARY = "libc++";
				CLANG_ENABLE_MODULES = YES;
				CLANG_ENABLE_OBJC_ARC = YES;
				CLANG_WARN_BOOL_CONVERSION = YES;
				CLANG_WARN_CONSTANT_CONVERSION = YES;
				CLANG_WARN_DIRECT_OBJC_ISA_USAGE = YES_ERROR;
				CLANG_WARN_EMPTY_BODY = YES;
				CLANG_WARN_ENUM_CONVERSION = YES;
				CLANG_WARN_INFINITE_RECURSION = YES;
				CLANG_WARN_INT_CONVERSION = YES;
				CLANG_WARN_OBJC_ROOT_CLASS = YES_ERROR;
				CLANG_WARN_SUSPICIOUS_MOVE = YES;
				CLANG_WARN_UNREACHABLE_CODE = YES;
				CLANG_WARN__DUPLICATE_METHOD_MATCH = YES;
				"CODE_SIGN_IDENTITY[sdk=iphoneos*]" = "iPhone Developer";
				COPY_PHASE_STRIP = NO;
				DEBUG_INFORMATION_FORMAT = "dwarf-with-dsym";
				ENABLE_NS_ASSERTIONS = NO;
				ENABLE_STRICT_OBJC_MSGSEND = YES;
				GCC_C_LANGUAGE_STANDARD = gnu99;
				GCC_NO_COMMON_BLOCKS = YES;
				GCC_WARN_64_TO_32_BIT_CONVERSION = YES;
				GCC_WARN_ABOUT_RETURN_TYPE = YES_ERROR;
				GCC_WARN_UNDECLARED_SELECTOR = YES;
				GCC_WARN_UNINITIALIZED_AUTOS = YES_AGGRESSIVE;
				GCC_WARN_UNUSED_FUNCTION = YES;
				GCC_WARN_UNUSED_VARIABLE = YES;
				IPHONEOS_DEPLOYMENT_TARGET = 9.3;
				MTL_ENABLE_DEBUG_INFO = NO;
				SDKROOT = iphoneos;
				SWIFT_OPTIMIZATION_LEVEL = "-Owholemodule";
				VALIDATE_PRODUCT = YES;
			};
			name = Release;
		};
		4E7DAF7B1CC6278E00D48EB9 /* Debug */ = {
			isa = XCBuildConfiguration;
			buildSettings = {
				ASSETCATALOG_COMPILER_APPICON_NAME = AppIcon;
				CODE_SIGN_IDENTITY = "iPhone Developer";
				INFOPLIST_FILE = wwdc16/Info.plist;
				LD_RUNPATH_SEARCH_PATHS = "$(inherited) @executable_path/Frameworks";
				PRODUCT_BUNDLE_IDENTIFIER = com.olbart.wwdc16;
				PRODUCT_NAME = "$(TARGET_NAME)";
				SWIFT_VERSION = 3.0;
			};
			name = Debug;
		};
		4E7DAF7C1CC6278E00D48EB9 /* Release */ = {
			isa = XCBuildConfiguration;
			buildSettings = {
				ASSETCATALOG_COMPILER_APPICON_NAME = AppIcon;
				CODE_SIGN_IDENTITY = "iPhone Developer";
				INFOPLIST_FILE = wwdc16/Info.plist;
				LD_RUNPATH_SEARCH_PATHS = "$(inherited) @executable_path/Frameworks";
				PRODUCT_BUNDLE_IDENTIFIER = com.olbart.wwdc16;
				PRODUCT_NAME = "$(TARGET_NAME)";
				SWIFT_VERSION = 3.0;
			};
			name = Release;
		};
		4E7DAF7E1CC6278E00D48EB9 /* Debug */ = {
			isa = XCBuildConfiguration;
			buildSettings = {
				BUNDLE_LOADER = "$(TEST_HOST)";
				INFOPLIST_FILE = wwdc16Tests/Info.plist;
				LD_RUNPATH_SEARCH_PATHS = "$(inherited) @executable_path/Frameworks @loader_path/Frameworks";
				PRODUCT_BUNDLE_IDENTIFIER = com.olbart.wwdc16Tests;
				PRODUCT_NAME = "$(TARGET_NAME)";
				SWIFT_VERSION = 3.0;
				TEST_HOST = "$(BUILT_PRODUCTS_DIR)/wwdc16.app/wwdc16";
			};
			name = Debug;
		};
		4E7DAF7F1CC6278E00D48EB9 /* Release */ = {
			isa = XCBuildConfiguration;
			buildSettings = {
				BUNDLE_LOADER = "$(TEST_HOST)";
				INFOPLIST_FILE = wwdc16Tests/Info.plist;
				LD_RUNPATH_SEARCH_PATHS = "$(inherited) @executable_path/Frameworks @loader_path/Frameworks";
				PRODUCT_BUNDLE_IDENTIFIER = com.olbart.wwdc16Tests;
				PRODUCT_NAME = "$(TARGET_NAME)";
				SWIFT_VERSION = 3.0;
				TEST_HOST = "$(BUILT_PRODUCTS_DIR)/wwdc16.app/wwdc16";
			};
			name = Release;
		};
/* End XCBuildConfiguration section */

/* Begin XCConfigurationList section */
		4E7DAF581CC6278E00D48EB9 /* Build configuration list for PBXProject "wwdc16" */ = {
			isa = XCConfigurationList;
			buildConfigurations = (
				4E7DAF781CC6278E00D48EB9 /* Debug */,
				4E7DAF791CC6278E00D48EB9 /* Release */,
			);
			defaultConfigurationIsVisible = 0;
			defaultConfigurationName = Release;
		};
		4E7DAF7A1CC6278E00D48EB9 /* Build configuration list for PBXNativeTarget "wwdc16" */ = {
			isa = XCConfigurationList;
			buildConfigurations = (
				4E7DAF7B1CC6278E00D48EB9 /* Debug */,
				4E7DAF7C1CC6278E00D48EB9 /* Release */,
			);
			defaultConfigurationIsVisible = 0;
			defaultConfigurationName = Release;
		};
		4E7DAF7D1CC6278E00D48EB9 /* Build configuration list for PBXNativeTarget "wwdc16Tests" */ = {
			isa = XCConfigurationList;
			buildConfigurations = (
				4E7DAF7E1CC6278E00D48EB9 /* Debug */,
				4E7DAF7F1CC6278E00D48EB9 /* Release */,
			);
			defaultConfigurationIsVisible = 0;
			defaultConfigurationName = Release;
		};
/* End XCConfigurationList section */
	};
	rootObject = 4E7DAF551CC6278E00D48EB9 /* Project object */;
}
